<Solution>
  <Project Path="SalesDashboard.Api.Tests/SalesDashboard.Api.Tests.csproj" />
  <Project Path="SalesDashboard.Api/SalesDashboard.Api.csproj" />
  <Project Path="SalesDashboard.Application.Tests/SalesDashboard.Application.Tests.csproj" />
  <Project Path="SalesDashboard.Application/SalesDashboard.Application.csproj" />
  <Project Path="SalesDashboard.Domain.Tests/SalesDashboard.Domain.Tests.csproj" />
  <Project Path="SalesDashboard.Domain/SalesDashboard.Domain.csproj" />
  <Project Path="SalesDashboard.Infrastructure/SalesDashboard.Infrastructure.csproj" />
</Solution>
